PODS:
  - Alamofire (4.8.2)
  - MinCloud (0.2.0):
    - MinCloud/Alipay (= 0.2.0)
    - MinCloud/Core (= 0.2.0)
    - MinCloud/WeChat (= 0.2.0)
  - MinCloud/Alipay (0.2.0)
  - MinCloud/Core (0.2.0):
    - Moya
  - MinCloud/WeChat (0.2.0)
  - Moya (13.0.1):
    - Moya/Core (= 13.0.1)
  - Moya/Core (13.0.1):
    - Alamofire (~> 4.1)
    - Result (~> 4.1)
  - Result (4.1.0)

DEPENDENCIES:
  - MinCloud (from `https://github.com/ifanrx/hydrogen-ios-sdk.git`)

SPEC REPOS:
  https://github.com/cocoapods/specs.git:
    - Alamofire
    - Moya
    - Result

EXTERNAL SOURCES:
  MinCloud:
    :git: https://github.com/ifanrx/hydrogen-ios-sdk.git

CHECKOUT OPTIONS:
  MinCloud:
    :commit: 75a38e397efa35889dcc9c6e64013889d4a801f2
    :git: https://github.com/ifanrx/hydrogen-ios-sdk.git

SPEC CHECKSUMS:
  Alamofire: ae5c501addb7afdbb13687d7f2f722c78734c2d3
  MinCloud: 033abff6c8a225c546abe3b532803a850802b950
  Moya: f4a4b80ff2f8a4ffc208dfb31cd91636622fee6e
  Result: bd966fac789cc6c1563440b348ab2598cc24d5c7

PODFILE CHECKSUM: 7c114ad7371d2a121d0f1ac0225cd7d3e969db1c

COCOAPODS: 1.7.5
