// !$*UTF8*$!
{
	archiveVersion = 1;
	classes = {
	};
	objectVersion = 51;
	objects = {

/* Begin PBXBuildFile section */
		4C4E5E362318B60200E61477 /* WebImageView.swift in Sources */ = {isa = PBXBuildFile; fileRef = 4C4E5E352318B60200E61477 /* WebImageView.swift */; };
		4C9EF3C3230D471800C1425F /* AppDelegate.swift in Sources */ = {isa = PBXBuildFile; fileRef = 4C9EF3C2230D471800C1425F /* AppDelegate.swift */; };
		4C9EF3C5230D471800C1425F /* SceneDelegate.swift in Sources */ = {isa = PBXBuildFile; fileRef = 4C9EF3C4230D471800C1425F /* SceneDelegate.swift */; };
		4C9EF3C7230D471800C1425F /* BookList.swift in Sources */ = {isa = PBXBuildFile; fileRef = 4C9EF3C6230D471800C1425F /* BookList.swift */; };
		4C9EF3C9230D471B00C1425F /* Assets.xcassets in Resources */ = {isa = PBXBuildFile; fileRef = 4C9EF3C8230D471B00C1425F /* Assets.xcassets */; };
		4C9EF3CC230D471B00C1425F /* Preview Assets.xcassets in Resources */ = {isa = PBXBuildFile; fileRef = 4C9EF3CB230D471B00C1425F /* Preview Assets.xcassets */; };
		4C9EF3CF230D471B00C1425F /* LaunchScreen.storyboard in Resources */ = {isa = PBXBuildFile; fileRef = 4C9EF3CD230D471B00C1425F /* LaunchScreen.storyboard */; };
		4C9EF3D7230D4D0B00C1425F /* BookStore.swift in Sources */ = {isa = PBXBuildFile; fileRef = 4C9EF3D6230D4D0B00C1425F /* BookStore.swift */; };
		4C9EF3D9230D553F00C1425F /* BookItemRow.swift in Sources */ = {isa = PBXBuildFile; fileRef = 4C9EF3D8230D553F00C1425F /* BookItemRow.swift */; };
		4C9EF3DB230E394200C1425F /* BookDetailView.swift in Sources */ = {isa = PBXBuildFile; fileRef = 4C9EF3DA230E394200C1425F /* BookDetailView.swift */; };
		4C9EF3E3230EE17E00C1425F /* HomeView.swift in Sources */ = {isa = PBXBuildFile; fileRef = 4C9EF3E2230EE17E00C1425F /* HomeView.swift */; };
		87EECEEF0A880F298F318926 /* Pods_swiftui_demo.framework in Frameworks */ = {isa = PBXBuildFile; fileRef = 6566056B483E1011BE920FF5 /* Pods_swiftui_demo.framework */; };
/* End PBXBuildFile section */

/* Begin PBXFileReference section */
		4C4E5E352318B60200E61477 /* WebImageView.swift */ = {isa = PBXFileReference; lastKnownFileType = sourcecode.swift; path = WebImageView.swift; sourceTree = "<group>"; };
		4C9EF3BF230D471800C1425F /* swiftui-demo.app */ = {isa = PBXFileReference; explicitFileType = wrapper.application; includeInIndex = 0; path = "swiftui-demo.app"; sourceTree = BUILT_PRODUCTS_DIR; };
		4C9EF3C2230D471800C1425F /* AppDelegate.swift */ = {isa = PBXFileReference; lastKnownFileType = sourcecode.swift; path = AppDelegate.swift; sourceTree = "<group>"; };
		4C9EF3C4230D471800C1425F /* SceneDelegate.swift */ = {isa = PBXFileReference; lastKnownFileType = sourcecode.swift; path = SceneDelegate.swift; sourceTree = "<group>"; };
		4C9EF3C6230D471800C1425F /* BookList.swift */ = {isa = PBXFileReference; lastKnownFileType = sourcecode.swift; path = BookList.swift; sourceTree = "<group>"; };
		4C9EF3C8230D471B00C1425F /* Assets.xcassets */ = {isa = PBXFileReference; lastKnownFileType = folder.assetcatalog; path = Assets.xcassets; sourceTree = "<group>"; };
		4C9EF3CB230D471B00C1425F /* Preview Assets.xcassets */ = {isa = PBXFileReference; lastKnownFileType = folder.assetcatalog; path = "Preview Assets.xcassets"; sourceTree = "<group>"; };
		4C9EF3CE230D471B00C1425F /* Base */ = {isa = PBXFileReference; lastKnownFileType = file.storyboard; name = Base; path = Base.lproj/LaunchScreen.storyboard; sourceTree = "<group>"; };
		4C9EF3D0230D471B00C1425F /* Info.plist */ = {isa = PBXFileReference; lastKnownFileType = text.plist.xml; path = Info.plist; sourceTree = "<group>"; };
		4C9EF3D6230D4D0B00C1425F /* BookStore.swift */ = {isa = PBXFileReference; lastKnownFileType = sourcecode.swift; path = BookStore.swift; sourceTree = "<group>"; };
		4C9EF3D8230D553F00C1425F /* BookItemRow.swift */ = {isa = PBXFileReference; lastKnownFileType = sourcecode.swift; path = BookItemRow.swift; sourceTree = "<group>"; };
		4C9EF3DA230E394200C1425F /* BookDetailView.swift */ = {isa = PBXFileReference; lastKnownFileType = sourcecode.swift; path = BookDetailView.swift; sourceTree = "<group>"; };
		4C9EF3E2230EE17E00C1425F /* HomeView.swift */ = {isa = PBXFileReference; lastKnownFileType = sourcecode.swift; path = HomeView.swift; sourceTree = "<group>"; };
		63AAE6182981725612A30B3E /* Pods-swiftui-demo.release.xcconfig */ = {isa = PBXFileReference; includeInIndex = 1; lastKnownFileType = text.xcconfig; name = "Pods-swiftui-demo.release.xcconfig"; path = "Target Support Files/Pods-swiftui-demo/Pods-swiftui-demo.release.xcconfig"; sourceTree = "<group>"; };
		6566056B483E1011BE920FF5 /* Pods_swiftui_demo.framework */ = {isa = PBXFileReference; explicitFileType = wrapper.framework; includeInIndex = 0; path = Pods_swiftui_demo.framework; sourceTree = BUILT_PRODUCTS_DIR; };
		C65EEF42A8D494D8C5C8A2F4 /* Pods-swiftui-demo.debug.xcconfig */ = {isa = PBXFileReference; includeInIndex = 1; lastKnownFileType = text.xcconfig; name = "Pods-swiftui-demo.debug.xcconfig"; path = "Target Support Files/Pods-swiftui-demo/Pods-swiftui-demo.debug.xcconfig"; sourceTree = "<group>"; };
/* End PBXFileReference section */

/* Begin PBXFrameworksBuildPhase section */
		4C9EF3BC230D471800C1425F /* Frameworks */ = {
			isa = PBXFrameworksBuildPhase;
			buildActionMask = 2147483647;
			files = (
				87EECEEF0A880F298F318926 /* Pods_swiftui_demo.framework in Frameworks */,
			);
			runOnlyForDeploymentPostprocessing = 0;
		};
/* End PBXFrameworksBuildPhase section */

/* Begin PBXGroup section */
		4C9EF3B6230D471800C1425F = {
			isa = PBXGroup;
			children = (
				4C9EF3C1230D471800C1425F /* swiftui-demo */,
				4C9EF3C0230D471800C1425F /* Products */,
				E22AEED66E89C19DD6CFD452 /* Pods */,
				93691E63DB04D12F4DC6EC1F /* Frameworks */,
			);
			sourceTree = "<group>";
		};
		4C9EF3C0230D471800C1425F /* Products */ = {
			isa = PBXGroup;
			children = (
				4C9EF3BF230D471800C1425F /* swiftui-demo.app */,
			);
			name = Products;
			sourceTree = "<group>";
		};
		4C9EF3C1230D471800C1425F /* swiftui-demo */ = {
			isa = PBXGroup;
			children = (
				4C9EF3E5230EE6A300C1425F /* Book */,
				4C9EF3C2230D471800C1425F /* AppDelegate.swift */,
				4C9EF3C4230D471800C1425F /* SceneDelegate.swift */,
				4C9EF3E2230EE17E00C1425F /* HomeView.swift */,
				4C9EF3C8230D471B00C1425F /* Assets.xcassets */,
				4C9EF3CD230D471B00C1425F /* LaunchScreen.storyboard */,
				4C9EF3D0230D471B00C1425F /* Info.plist */,
				4C9EF3CA230D471B00C1425F /* Preview Content */,
			);
			path = "swiftui-demo";
			sourceTree = "<group>";
		};
		4C9EF3CA230D471B00C1425F /* Preview Content */ = {
			isa = PBXGroup;
			children = (
				4C9EF3CB230D471B00C1425F /* Preview Assets.xcassets */,
			);
			path = "Preview Content";
			sourceTree = "<group>";
		};
		4C9EF3E5230EE6A300C1425F /* Book */ = {
			isa = PBXGroup;
			children = (
				4C9EF3D6230D4D0B00C1425F /* BookStore.swift */,
				4C9EF3D8230D553F00C1425F /* BookItemRow.swift */,
				4C9EF3DA230E394200C1425F /* BookDetailView.swift */,
				4C4E5E352318B60200E61477 /* WebImageView.swift */,
				4C9EF3C6230D471800C1425F /* BookList.swift */,
			);
			name = Book;
			sourceTree = "<group>";
		};
		93691E63DB04D12F4DC6EC1F /* Frameworks */ = {
			isa = PBXGroup;
			children = (
				6566056B483E1011BE920FF5 /* Pods_swiftui_demo.framework */,
			);
			name = Frameworks;
			sourceTree = "<group>";
		};
		E22AEED66E89C19DD6CFD452 /* Pods */ = {
			isa = PBXGroup;
			children = (
				C65EEF42A8D494D8C5C8A2F4 /* Pods-swiftui-demo.debug.xcconfig */,
				63AAE6182981725612A30B3E /* Pods-swiftui-demo.release.xcconfig */,
			);
			path = Pods;
			sourceTree = "<group>";
		};
/* End PBXGroup section */

/* Begin PBXNativeTarget section */
		4C9EF3BE230D471800C1425F /* swiftui-demo */ = {
			isa = PBXNativeTarget;
			buildConfigurationList = 4C9EF3D3230D471B00C1425F /* Build configuration list for PBXNativeTarget "swiftui-demo" */;
			buildPhases = (
				0752D467E6A0B6B80E10B7E0 /* [CP] Check Pods Manifest.lock */,
				4C9EF3BB230D471800C1425F /* Sources */,
				4C9EF3BC230D471800C1425F /* Frameworks */,
				4C9EF3BD230D471800C1425F /* Resources */,
				84994D10EB01F1291184052E /* [CP] Embed Pods Frameworks */,
				FF3E960C9665EEE0952EF3C9 /* [CP] Copy Pods Resources */,
			);
			buildRules = (
			);
			dependencies = (
			);
			name = "swiftui-demo";
			productName = "swiftui-demo";
			productReference = 4C9EF3BF230D471800C1425F /* swiftui-demo.app */;
			productType = "com.apple.product-type.application";
		};
/* End PBXNativeTarget section */

/* Begin PBXProject section */
		4C9EF3B7230D471800C1425F /* Project object */ = {
			isa = PBXProject;
			attributes = {
				LastSwiftUpdateCheck = 1100;
				LastUpgradeCheck = 1100;
				ORGANIZATIONNAME = ifanr;
				TargetAttributes = {
					4C9EF3BE230D471800C1425F = {
						CreatedOnToolsVersion = 11.0;
					};
				};
			};
			buildConfigurationList = 4C9EF3BA230D471800C1425F /* Build configuration list for PBXProject "swiftui-demo" */;
			compatibilityVersion = "Xcode 9.3";
			developmentRegion = en;
			hasScannedForEncodings = 0;
			knownRegions = (
				en,
				Base,
			);
			mainGroup = 4C9EF3B6230D471800C1425F;
			productRefGroup = 4C9EF3C0230D471800C1425F /* Products */;
			projectDirPath = "";
			projectRoot = "";
			targets = (
				4C9EF3BE230D471800C1425F /* swiftui-demo */,
			);
		};
/* End PBXProject section */

/* Begin PBXResourcesBuildPhase section */
		4C9EF3BD230D471800C1425F /* Resources */ = {
			isa = PBXResourcesBuildPhase;
			buildActionMask = 2147483647;
			files = (
				4C9EF3CF230D471B00C1425F /* LaunchScreen.storyboard in Resources */,
				4C9EF3CC230D471B00C1425F /* Preview Assets.xcassets in Resources */,
				4C9EF3C9230D471B00C1425F /* Assets.xcassets in Resources */,
			);
			runOnlyForDeploymentPostprocessing = 0;
		};
/* End PBXResourcesBuildPhase section */

/* Begin PBXShellScriptBuildPhase section */
		0752D467E6A0B6B80E10B7E0 /* [CP] Check Pods Manifest.lock */ = {
			isa = PBXShellScriptBuildPhase;
			buildActionMask = 2147483647;
			files = (
			);
			inputFileListPaths = (
			);
			inputPaths = (
				"${PODS_PODFILE_DIR_PATH}/Podfile.lock",
				"${PODS_ROOT}/Manifest.lock",
			);
			name = "[CP] Check Pods Manifest.lock";
			outputFileListPaths = (
			);
			outputPaths = (
				"$(DERIVED_FILE_DIR)/Pods-swiftui-demo-checkManifestLockResult.txt",
			);
			runOnlyForDeploymentPostprocessing = 0;
			shellPath = /bin/sh;
			shellScript = "diff \"${PODS_PODFILE_DIR_PATH}/Podfile.lock\" \"${PODS_ROOT}/Manifest.lock\" > /dev/null\nif [ $? != 0 ] ; then\n    # print error to STDERR\n    echo \"error: The sandbox is not in sync with the Podfile.lock. Run 'pod install' or update your CocoaPods installation.\" >&2\n    exit 1\nfi\n# This output is used by Xcode 'outputs' to avoid re-running this script phase.\necho \"SUCCESS\" > \"${SCRIPT_OUTPUT_FILE_0}\"\n";
			showEnvVarsInLog = 0;
		};
		84994D10EB01F1291184052E /* [CP] Embed Pods Frameworks */ = {
			isa = PBXShellScriptBuildPhase;
			buildActionMask = 2147483647;
			files = (
			);
			inputFileListPaths = (
				"${PODS_ROOT}/Target Support Files/Pods-swiftui-demo/Pods-swiftui-demo-frameworks-${CONFIGURATION}-input-files.xcfilelist",
			);
			name = "[CP] Embed Pods Frameworks";
			outputFileListPaths = (
				"${PODS_ROOT}/Target Support Files/Pods-swiftui-demo/Pods-swiftui-demo-frameworks-${CONFIGURATION}-output-files.xcfilelist",
			);
			runOnlyForDeploymentPostprocessing = 0;
			shellPath = /bin/sh;
			shellScript = "\"${PODS_ROOT}/Target Support Files/Pods-swiftui-demo/Pods-swiftui-demo-frameworks.sh\"\n";
			showEnvVarsInLog = 0;
		};
		FF3E960C9665EEE0952EF3C9 /* [CP] Copy Pods Resources */ = {
			isa = PBXShellScriptBuildPhase;
			buildActionMask = 2147483647;
			files = (
			);
			inputFileListPaths = (
				"${PODS_ROOT}/Target Support Files/Pods-swiftui-demo/Pods-swiftui-demo-resources-${CONFIGURATION}-input-files.xcfilelist",
			);
			name = "[CP] Copy Pods Resources";
			outputFileListPaths = (
				"${PODS_ROOT}/Target Support Files/Pods-swiftui-demo/Pods-swiftui-demo-resources-${CONFIGURATION}-output-files.xcfilelist",
			);
			runOnlyForDeploymentPostprocessing = 0;
			shellPath = /bin/sh;
			shellScript = "\"${PODS_ROOT}/Target Support Files/Pods-swiftui-demo/Pods-swiftui-demo-resources.sh\"\n";
			showEnvVarsInLog = 0;
		};
/* End PBXShellScriptBuildPhase section */

/* Begin PBXSourcesBuildPhase section */
		4C9EF3BB230D471800C1425F /* Sources */ = {
			isa = PBXSourcesBuildPhase;
			buildActionMask = 2147483647;
			files = (
				4C9EF3E3230EE17E00C1425F /* HomeView.swift in Sources */,
				4C4E5E362318B60200E61477 /* WebImageView.swift in Sources */,
				4C9EF3C3230D471800C1425F /* AppDelegate.swift in Sources */,
				4C9EF3C5230D471800C1425F /* SceneDelegate.swift in Sources */,
				4C9EF3D7230D4D0B00C1425F /* BookStore.swift in Sources */,
				4C9EF3C7230D471800C1425F /* BookList.swift in Sources */,
				4C9EF3DB230E394200C1425F /* BookDetailView.swift in Sources */,
				4C9EF3D9230D553F00C1425F /* BookItemRow.swift in Sources */,
			);
			runOnlyForDeploymentPostprocessing = 0;
		};
/* End PBXSourcesBuildPhase section */

/* Begin PBXVariantGroup section */
		4C9EF3CD230D471B00C1425F /* LaunchScreen.storyboard */ = {
			isa = PBXVariantGroup;
			children = (
				4C9EF3CE230D471B00C1425F /* Base */,
			);
			name = LaunchScreen.storyboard;
			sourceTree = "<group>";
		};
/* End PBXVariantGroup section */

/* Begin XCBuildConfiguration section */
		4C9EF3D1230D471B00C1425F /* Debug */ = {
			isa = XCBuildConfiguration;
			buildSettings = {
				ALWAYS_SEARCH_USER_PATHS = NO;
				CLANG_ANALYZER_NONNULL = YES;
				CLANG_ANALYZER_NUMBER_OBJECT_CONVERSION = YES_AGGRESSIVE;
				CLANG_CXX_LANGUAGE_STANDARD = "gnu++14";
				CLANG_CXX_LIBRARY = "libc++";
				CLANG_ENABLE_MODULES = YES;
				CLANG_ENABLE_OBJC_ARC = YES;
				CLANG_ENABLE_OBJC_WEAK = YES;
				CLANG_WARN_BLOCK_CAPTURE_AUTORELEASING = YES;
				CLANG_WARN_BOOL_CONVERSION = YES;
				CLANG_WARN_COMMA = YES;
				CLANG_WARN_CONSTANT_CONVERSION = YES;
				CLANG_WARN_DEPRECATED_OBJC_IMPLEMENTATIONS = YES;
				CLANG_WARN_DIRECT_OBJC_ISA_USAGE = YES_ERROR;
				CLANG_WARN_DOCUMENTATION_COMMENTS = YES;
				CLANG_WARN_EMPTY_BODY = YES;
				CLANG_WARN_ENUM_CONVERSION = YES;
				CLANG_WARN_INFINITE_RECURSION = YES;
				CLANG_WARN_INT_CONVERSION = YES;
				CLANG_WARN_NON_LITERAL_NULL_CONVERSION = YES;
				CLANG_WARN_OBJC_IMPLICIT_RETAIN_SELF = YES;
				CLANG_WARN_OBJC_LITERAL_CONVERSION = YES;
				CLANG_WARN_OBJC_ROOT_CLASS = YES_ERROR;
				CLANG_WARN_RANGE_LOOP_ANALYSIS = YES;
				CLANG_WARN_STRICT_PROTOTYPES = YES;
				CLANG_WARN_SUSPICIOUS_MOVE = YES;
				CLANG_WARN_UNGUARDED_AVAILABILITY = YES_AGGRESSIVE;
				CLANG_WARN_UNREACHABLE_CODE = YES;
				CLANG_WARN__DUPLICATE_METHOD_MATCH = YES;
				COPY_PHASE_STRIP = NO;
				DEBUG_INFORMATION_FORMAT = dwarf;
				ENABLE_STRICT_OBJC_MSGSEND = YES;
				ENABLE_TESTABILITY = YES;
				GCC_C_LANGUAGE_STANDARD = gnu11;
				GCC_DYNAMIC_NO_PIC = NO;
				GCC_NO_COMMON_BLOCKS = YES;
				GCC_OPTIMIZATION_LEVEL = 0;
				GCC_PREPROCESSOR_DEFINITIONS = (
					"DEBUG=1",
					"$(inherited)",
				);
				GCC_WARN_64_TO_32_BIT_CONVERSION = YES;
				GCC_WARN_ABOUT_RETURN_TYPE = YES_ERROR;
				GCC_WARN_UNDECLARED_SELECTOR = YES;
				GCC_WARN_UNINITIALIZED_AUTOS = YES_AGGRESSIVE;
				GCC_WARN_UNUSED_FUNCTION = YES;
				GCC_WARN_UNUSED_VARIABLE = YES;
				IPHONEOS_DEPLOYMENT_TARGET = 13.0;
				MTL_ENABLE_DEBUG_INFO = INCLUDE_SOURCE;
				MTL_FAST_MATH = YES;
				ONLY_ACTIVE_ARCH = YES;
				SDKROOT = iphoneos;
				SWIFT_ACTIVE_COMPILATION_CONDITIONS = DEBUG;
				SWIFT_OPTIMIZATION_LEVEL = "-Onone";
			};
			name = Debug;
		};
		4C9EF3D2230D471B00C1425F /* Release */ = {
			isa = XCBuildConfiguration;
			buildSettings = {
				ALWAYS_SEARCH_USER_PATHS = NO;
				CLANG_ANALYZER_NONNULL = YES;
				CLANG_ANALYZER_NUMBER_OBJECT_CONVERSION = YES_AGGRESSIVE;
				CLANG_CXX_LANGUAGE_STANDARD = "gnu++14";
				CLANG_CXX_LIBRARY = "libc++";
				CLANG_ENABLE_MODULES = YES;
				CLANG_ENABLE_OBJC_ARC = YES;
				CLANG_ENABLE_OBJC_WEAK = YES;
				CLANG_WARN_BLOCK_CAPTURE_AUTORELEASING = YES;
				CLANG_WARN_BOOL_CONVERSION = YES;
				CLANG_WARN_COMMA = YES;
				CLANG_WARN_CONSTANT_CONVERSION = YES;
				CLANG_WARN_DEPRECATED_OBJC_IMPLEMENTATIONS = YES;
				CLANG_WARN_DIRECT_OBJC_ISA_USAGE = YES_ERROR;
				CLANG_WARN_DOCUMENTATION_COMMENTS = YES;
				CLANG_WARN_EMPTY_BODY = YES;
				CLANG_WARN_ENUM_CONVERSION = YES;
				CLANG_WARN_INFINITE_RECURSION = YES;
				CLANG_WARN_INT_CONVERSION = YES;
				CLANG_WARN_NON_LITERAL_NULL_CONVERSION = YES;
				CLANG_WARN_OBJC_IMPLICIT_RETAIN_SELF = YES;
				CLANG_WARN_OBJC_LITERAL_CONVERSION = YES;
				CLANG_WARN_OBJC_ROOT_CLASS = YES_ERROR;
				CLANG_WARN_RANGE_LOOP_ANALYSIS = YES;
				CLANG_WARN_STRICT_PROTOTYPES = YES;
				CLANG_WARN_SUSPICIOUS_MOVE = YES;
				CLANG_WARN_UNGUARDED_AVAILABILITY = YES_AGGRESSIVE;
				CLANG_WARN_UNREACHABLE_CODE = YES;
				CLANG_WARN__DUPLICATE_METHOD_MATCH = YES;
				COPY_PHASE_STRIP = NO;
				DEBUG_INFORMATION_FORMAT = "dwarf-with-dsym";
				ENABLE_NS_ASSERTIONS = NO;
				ENABLE_STRICT_OBJC_MSGSEND = YES;
				GCC_C_LANGUAGE_STANDARD = gnu11;
				GCC_NO_COMMON_BLOCKS = YES;
				GCC_WARN_64_TO_32_BIT_CONVERSION = YES;
				GCC_WARN_ABOUT_RETURN_TYPE = YES_ERROR;
				GCC_WARN_UNDECLARED_SELECTOR = YES;
				GCC_WARN_UNINITIALIZED_AUTOS = YES_AGGRESSIVE;
				GCC_WARN_UNUSED_FUNCTION = YES;
				GCC_WARN_UNUSED_VARIABLE = YES;
				IPHONEOS_DEPLOYMENT_TARGET = 13.0;
				MTL_ENABLE_DEBUG_INFO = NO;
				MTL_FAST_MATH = YES;
				SDKROOT = iphoneos;
				SWIFT_COMPILATION_MODE = wholemodule;
				SWIFT_OPTIMIZATION_LEVEL = "-O";
				VALIDATE_PRODUCT = YES;
			};
			name = Release;
		};
		4C9EF3D4230D471B00C1425F /* Debug */ = {
			isa = XCBuildConfiguration;
			baseConfigurationReference = C65EEF42A8D494D8C5C8A2F4 /* Pods-swiftui-demo.debug.xcconfig */;
			buildSettings = {
				ASSETCATALOG_COMPILER_APPICON_NAME = AppIcon;
				CODE_SIGN_STYLE = Automatic;
				DEVELOPMENT_ASSET_PATHS = "swiftui-demo/Preview\\ Content";
				DEVELOPMENT_TEAM = 3QQR699W45;
				ENABLE_PREVIEWS = YES;
				INFOPLIST_FILE = "swiftui-demo/Info.plist";
				LD_RUNPATH_SEARCH_PATHS = (
					"$(inherited)",
					"@executable_path/Frameworks",
				);
				PRODUCT_BUNDLE_IDENTIFIER = "com.ifanr.swiftui-demo";
				PRODUCT_NAME = "$(TARGET_NAME)";
				SWIFT_VERSION = 5.0;
				TARGETED_DEVICE_FAMILY = "1,2";
			};
			name = Debug;
		};
		4C9EF3D5230D471B00C1425F /* Release */ = {
			isa = XCBuildConfiguration;
			baseConfigurationReference = 63AAE6182981725612A30B3E /* Pods-swiftui-demo.release.xcconfig */;
			buildSettings = {
				ASSETCATALOG_COMPILER_APPICON_NAME = AppIcon;
				CODE_SIGN_STYLE = Automatic;
				DEVELOPMENT_ASSET_PATHS = "swiftui-demo/Preview\\ Content";
				DEVELOPMENT_TEAM = 3QQR699W45;
				ENABLE_PREVIEWS = YES;
				INFOPLIST_FILE = "swiftui-demo/Info.plist";
				LD_RUNPATH_SEARCH_PATHS = (
					"$(inherited)",
					"@executable_path/Frameworks",
				);
				PRODUCT_BUNDLE_IDENTIFIER = "com.ifanr.swiftui-demo";
				PRODUCT_NAME = "$(TARGET_NAME)";
				SWIFT_VERSION = 5.0;
				TARGETED_DEVICE_FAMILY = "1,2";
			};
			name = Release;
		};
/* End XCBuildConfiguration section */

/* Begin XCConfigurationList section */
		4C9EF3BA230D471800C1425F /* Build configuration list for PBXProject "swiftui-demo" */ = {
			isa = XCConfigurationList;
			buildConfigurations = (
				4C9EF3D1230D471B00C1425F /* Debug */,
				4C9EF3D2230D471B00C1425F /* Release */,
			);
			defaultConfigurationIsVisible = 0;
			defaultConfigurationName = Release;
		};
		4C9EF3D3230D471B00C1425F /* Build configuration list for PBXNativeTarget "swiftui-demo" */ = {
			isa = XCConfigurationList;
			buildConfigurations = (
				4C9EF3D4230D471B00C1425F /* Debug */,
				4C9EF3D5230D471B00C1425F /* Release */,
			);
			defaultConfigurationIsVisible = 0;
			defaultConfigurationName = Release;
		};
/* End XCConfigurationList section */
	};
	rootObject = 4C9EF3B7230D471800C1425F /* Project object */;
}
