// !$*UTF8*$!
{
	archiveVersion = 1;
	classes = {
	};
	objectVersion = 51;
	objects = {

/* Begin PBXBuildFile section */
		4C6E9A0A2356FC7100E605BE /* daliy.plist in Resources */ = {isa = PBXBuildFile; fileRef = 4C6E9A092356FC7100E605BE /* daliy.plist */; };
		4CA65090235427630038E8C3 /* AppDelegate.swift in Sources */ = {isa = PBXBuildFile; fileRef = 4CA6508F235427630038E8C3 /* AppDelegate.swift */; };
		4CA65092235427630038E8C3 /* SceneDelegate.swift in Sources */ = {isa = PBXBuildFile; fileRef = 4CA65091235427630038E8C3 /* SceneDelegate.swift */; };
		4CA65094235427630038E8C3 /* ContentView.swift in Sources */ = {isa = PBXBuildFile; fileRef = 4CA65093235427630038E8C3 /* ContentView.swift */; };
		4CA65096235427660038E8C3 /* Assets.xcassets in Resources */ = {isa = PBXBuildFile; fileRef = 4CA65095235427660038E8C3 /* Assets.xcassets */; };
		4CA65099235427660038E8C3 /* Preview Assets.xcassets in Resources */ = {isa = PBXBuildFile; fileRef = 4CA65098235427660038E8C3 /* Preview Assets.xcassets */; };
		4CA6509C235427660038E8C3 /* LaunchScreen.storyboard in Resources */ = {isa = PBXBuildFile; fileRef = 4CA6509A235427660038E8C3 /* LaunchScreen.storyboard */; };
		4CA650A42354415E0038E8C3 /* News.swift in Sources */ = {isa = PBXBuildFile; fileRef = 4CA650A32354415E0038E8C3 /* News.swift */; };
		4CA650A823544BAF0038E8C3 /* NewsListView.swift in Sources */ = {isa = PBXBuildFile; fileRef = 4CA650A723544BAF0038E8C3 /* NewsListView.swift */; };
		4CA650AA23544C5C0038E8C3 /* NewsDetailView.swift in Sources */ = {isa = PBXBuildFile; fileRef = 4CA650A923544C5B0038E8C3 /* NewsDetailView.swift */; };
		4CA650AC23544C760038E8C3 /* NewsListRow.swift in Sources */ = {isa = PBXBuildFile; fileRef = 4CA650AB23544C760038E8C3 /* NewsListRow.swift */; };
		4CA650B023545C6D0038E8C3 /* WebImageVIew.swift in Sources */ = {isa = PBXBuildFile; fileRef = 4CA650AF23545C6D0038E8C3 /* WebImageVIew.swift */; };
		4CCBB94C2355A108006765DE /* DaliyStore.swift in Sources */ = {isa = PBXBuildFile; fileRef = 4CCBB94B2355A108006765DE /* DaliyStore.swift */; };
		8BDCFAA46CB0E26223D49BDF /* Pods_Daily.framework in Frameworks */ = {isa = PBXBuildFile; fileRef = CFE8EC03B440AD7D6835B870 /* Pods_Daily.framework */; };
/* End PBXBuildFile section */

/* Begin PBXFileReference section */
		0837C9ADAA469D7D430E26A7 /* Pods-Daily.release.xcconfig */ = {isa = PBXFileReference; includeInIndex = 1; lastKnownFileType = text.xcconfig; name = "Pods-Daily.release.xcconfig"; path = "Target Support Files/Pods-Daily/Pods-Daily.release.xcconfig"; sourceTree = "<group>"; };
		2984F7E2C5841F8F054AC006 /* Pods-Daily.debug.xcconfig */ = {isa = PBXFileReference; includeInIndex = 1; lastKnownFileType = text.xcconfig; name = "Pods-Daily.debug.xcconfig"; path = "Target Support Files/Pods-Daily/Pods-Daily.debug.xcconfig"; sourceTree = "<group>"; };
		4C6E9A092356FC7100E605BE /* daliy.plist */ = {isa = PBXFileReference; fileEncoding = 4; lastKnownFileType = text.plist.xml; path = daliy.plist; sourceTree = "<group>"; };
		4CA6508C235427630038E8C3 /* Daily.app */ = {isa = PBXFileReference; explicitFileType = wrapper.application; includeInIndex = 0; path = Daily.app; sourceTree = BUILT_PRODUCTS_DIR; };
		4CA6508F235427630038E8C3 /* AppDelegate.swift */ = {isa = PBXFileReference; lastKnownFileType = sourcecode.swift; path = AppDelegate.swift; sourceTree = "<group>"; };
		4CA65091235427630038E8C3 /* SceneDelegate.swift */ = {isa = PBXFileReference; lastKnownFileType = sourcecode.swift; path = SceneDelegate.swift; sourceTree = "<group>"; };
		4CA65093235427630038E8C3 /* ContentView.swift */ = {isa = PBXFileReference; lastKnownFileType = sourcecode.swift; path = ContentView.swift; sourceTree = "<group>"; };
		4CA65095235427660038E8C3 /* Assets.xcassets */ = {isa = PBXFileReference; lastKnownFileType = folder.assetcatalog; path = Assets.xcassets; sourceTree = "<group>"; };
		4CA65098235427660038E8C3 /* Preview Assets.xcassets */ = {isa = PBXFileReference; lastKnownFileType = folder.assetcatalog; path = "Preview Assets.xcassets"; sourceTree = "<group>"; };
		4CA6509B235427660038E8C3 /* Base */ = {isa = PBXFileReference; lastKnownFileType = file.storyboard; name = Base; path = Base.lproj/LaunchScreen.storyboard; sourceTree = "<group>"; };
		4CA6509D235427660038E8C3 /* Info.plist */ = {isa = PBXFileReference; lastKnownFileType = text.plist.xml; path = Info.plist; sourceTree = "<group>"; };
		4CA650A32354415E0038E8C3 /* News.swift */ = {isa = PBXFileReference; lastKnownFileType = sourcecode.swift; path = News.swift; sourceTree = "<group>"; };
		4CA650A723544BAF0038E8C3 /* NewsListView.swift */ = {isa = PBXFileReference; lastKnownFileType = sourcecode.swift; path = NewsListView.swift; sourceTree = "<group>"; };
		4CA650A923544C5B0038E8C3 /* NewsDetailView.swift */ = {isa = PBXFileReference; lastKnownFileType = sourcecode.swift; path = NewsDetailView.swift; sourceTree = "<group>"; };
		4CA650AB23544C760038E8C3 /* NewsListRow.swift */ = {isa = PBXFileReference; lastKnownFileType = sourcecode.swift; path = NewsListRow.swift; sourceTree = "<group>"; };
		4CA650AF23545C6D0038E8C3 /* WebImageVIew.swift */ = {isa = PBXFileReference; lastKnownFileType = sourcecode.swift; path = WebImageVIew.swift; sourceTree = "<group>"; };
		4CCBB94B2355A108006765DE /* DaliyStore.swift */ = {isa = PBXFileReference; lastKnownFileType = sourcecode.swift; path = DaliyStore.swift; sourceTree = "<group>"; };
		CFE8EC03B440AD7D6835B870 /* Pods_Daily.framework */ = {isa = PBXFileReference; explicitFileType = wrapper.framework; includeInIndex = 0; path = Pods_Daily.framework; sourceTree = BUILT_PRODUCTS_DIR; };
/* End PBXFileReference section */

/* Begin PBXFrameworksBuildPhase section */
		4CA65089235427630038E8C3 /* Frameworks */ = {
			isa = PBXFrameworksBuildPhase;
			buildActionMask = 2147483647;
			files = (
				8BDCFAA46CB0E26223D49BDF /* Pods_Daily.framework in Frameworks */,
			);
			runOnlyForDeploymentPostprocessing = 0;
		};
/* End PBXFrameworksBuildPhase section */

/* Begin PBXGroup section */
		4CA65083235427630038E8C3 = {
			isa = PBXGroup;
			children = (
				4CA6508E235427630038E8C3 /* Daily */,
				4CA6508D235427630038E8C3 /* Products */,
				5788179C0B3BA07771823E6B /* Pods */,
				BFCC1A5C329EB40A3F5801EB /* Frameworks */,
			);
			sourceTree = "<group>";
		};
		4CA6508D235427630038E8C3 /* Products */ = {
			isa = PBXGroup;
			children = (
				4CA6508C235427630038E8C3 /* Daily.app */,
			);
			name = Products;
			sourceTree = "<group>";
		};
		4CA6508E235427630038E8C3 /* Daily */ = {
			isa = PBXGroup;
			children = (
				4CA6508F235427630038E8C3 /* AppDelegate.swift */,
				4CA65091235427630038E8C3 /* SceneDelegate.swift */,
				4CA65093235427630038E8C3 /* ContentView.swift */,
				4CA65095235427660038E8C3 /* Assets.xcassets */,
				4CA6509A235427660038E8C3 /* LaunchScreen.storyboard */,
				4CA6509D235427660038E8C3 /* Info.plist */,
				4CA65097235427660038E8C3 /* Preview Content */,
				4CA650A32354415E0038E8C3 /* News.swift */,
				4CA650A723544BAF0038E8C3 /* NewsListView.swift */,
				4CA650A923544C5B0038E8C3 /* NewsDetailView.swift */,
				4CA650AB23544C760038E8C3 /* NewsListRow.swift */,
				4CA650AF23545C6D0038E8C3 /* WebImageVIew.swift */,
				4CCBB94B2355A108006765DE /* DaliyStore.swift */,
				4C6E9A092356FC7100E605BE /* daliy.plist */,
			);
			path = Daily;
			sourceTree = "<group>";
		};
		4CA65097235427660038E8C3 /* Preview Content */ = {
			isa = PBXGroup;
			children = (
				4CA65098235427660038E8C3 /* Preview Assets.xcassets */,
			);
			path = "Preview Content";
			sourceTree = "<group>";
		};
		5788179C0B3BA07771823E6B /* Pods */ = {
			isa = PBXGroup;
			children = (
				2984F7E2C5841F8F054AC006 /* Pods-Daily.debug.xcconfig */,
				0837C9ADAA469D7D430E26A7 /* Pods-Daily.release.xcconfig */,
			);
			path = Pods;
			sourceTree = "<group>";
		};
		BFCC1A5C329EB40A3F5801EB /* Frameworks */ = {
			isa = PBXGroup;
			children = (
				CFE8EC03B440AD7D6835B870 /* Pods_Daily.framework */,
			);
			name = Frameworks;
			sourceTree = "<group>";
		};
/* End PBXGroup section */

/* Begin PBXNativeTarget section */
		4CA6508B235427630038E8C3 /* Daily */ = {
			isa = PBXNativeTarget;
			buildConfigurationList = 4CA650A0235427660038E8C3 /* Build configuration list for PBXNativeTarget "Daily" */;
			buildPhases = (
				C23EED04D444951E207427F7 /* [CP] Check Pods Manifest.lock */,
				4CA65088235427630038E8C3 /* Sources */,
				4CA65089235427630038E8C3 /* Frameworks */,
				4CA6508A235427630038E8C3 /* Resources */,
				BB6FFE7EBC9F7DB01827C07B /* [CP] Embed Pods Frameworks */,
				896CD643D31AAF00AD9B5239 /* [CP] Copy Pods Resources */,
			);
			buildRules = (
			);
			dependencies = (
			);
			name = Daily;
			productName = Daily;
			productReference = 4CA6508C235427630038E8C3 /* Daily.app */;
			productType = "com.apple.product-type.application";
		};
/* End PBXNativeTarget section */

/* Begin PBXProject section */
		4CA65084235427630038E8C3 /* Project object */ = {
			isa = PBXProject;
			attributes = {
				LastSwiftUpdateCheck = 1100;
				LastUpgradeCheck = 1100;
				ORGANIZATIONNAME = ifanr;
				TargetAttributes = {
					4CA6508B235427630038E8C3 = {
						CreatedOnToolsVersion = 11.0;
					};
				};
			};
			buildConfigurationList = 4CA65087235427630038E8C3 /* Build configuration list for PBXProject "Daily" */;
			compatibilityVersion = "Xcode 9.3";
			developmentRegion = en;
			hasScannedForEncodings = 0;
			knownRegions = (
				en,
				Base,
			);
			mainGroup = 4CA65083235427630038E8C3;
			productRefGroup = 4CA6508D235427630038E8C3 /* Products */;
			projectDirPath = "";
			projectRoot = "";
			targets = (
				4CA6508B235427630038E8C3 /* Daily */,
			);
		};
/* End PBXProject section */

/* Begin PBXResourcesBuildPhase section */
		4CA6508A235427630038E8C3 /* Resources */ = {
			isa = PBXResourcesBuildPhase;
			buildActionMask = 2147483647;
			files = (
				4C6E9A0A2356FC7100E605BE /* daliy.plist in Resources */,
				4CA6509C235427660038E8C3 /* LaunchScreen.storyboard in Resources */,
				4CA65099235427660038E8C3 /* Preview Assets.xcassets in Resources */,
				4CA65096235427660038E8C3 /* Assets.xcassets in Resources */,
			);
			runOnlyForDeploymentPostprocessing = 0;
		};
/* End PBXResourcesBuildPhase section */

/* Begin PBXShellScriptBuildPhase section */
		896CD643D31AAF00AD9B5239 /* [CP] Copy Pods Resources */ = {
			isa = PBXShellScriptBuildPhase;
			buildActionMask = 2147483647;
			files = (
			);
			inputFileListPaths = (
				"${PODS_ROOT}/Target Support Files/Pods-Daily/Pods-Daily-resources-${CONFIGURATION}-input-files.xcfilelist",
			);
			name = "[CP] Copy Pods Resources";
			outputFileListPaths = (
				"${PODS_ROOT}/Target Support Files/Pods-Daily/Pods-Daily-resources-${CONFIGURATION}-output-files.xcfilelist",
			);
			runOnlyForDeploymentPostprocessing = 0;
			shellPath = /bin/sh;
			shellScript = "\"${PODS_ROOT}/Target Support Files/Pods-Daily/Pods-Daily-resources.sh\"\n";
			showEnvVarsInLog = 0;
		};
		BB6FFE7EBC9F7DB01827C07B /* [CP] Embed Pods Frameworks */ = {
			isa = PBXShellScriptBuildPhase;
			buildActionMask = 2147483647;
			files = (
			);
			inputFileListPaths = (
				"${PODS_ROOT}/Target Support Files/Pods-Daily/Pods-Daily-frameworks-${CONFIGURATION}-input-files.xcfilelist",
			);
			name = "[CP] Embed Pods Frameworks";
			outputFileListPaths = (
				"${PODS_ROOT}/Target Support Files/Pods-Daily/Pods-Daily-frameworks-${CONFIGURATION}-output-files.xcfilelist",
			);
			runOnlyForDeploymentPostprocessing = 0;
			shellPath = /bin/sh;
			shellScript = "\"${PODS_ROOT}/Target Support Files/Pods-Daily/Pods-Daily-frameworks.sh\"\n";
			showEnvVarsInLog = 0;
		};
		C23EED04D444951E207427F7 /* [CP] Check Pods Manifest.lock */ = {
			isa = PBXShellScriptBuildPhase;
			buildActionMask = 2147483647;
			files = (
			);
			inputFileListPaths = (
			);
			inputPaths = (
				"${PODS_PODFILE_DIR_PATH}/Podfile.lock",
				"${PODS_ROOT}/Manifest.lock",
			);
			name = "[CP] Check Pods Manifest.lock";
			outputFileListPaths = (
			);
			outputPaths = (
				"$(DERIVED_FILE_DIR)/Pods-Daily-checkManifestLockResult.txt",
			);
			runOnlyForDeploymentPostprocessing = 0;
			shellPath = /bin/sh;
			shellScript = "diff \"${PODS_PODFILE_DIR_PATH}/Podfile.lock\" \"${PODS_ROOT}/Manifest.lock\" > /dev/null\nif [ $? != 0 ] ; then\n    # print error to STDERR\n    echo \"error: The sandbox is not in sync with the Podfile.lock. Run 'pod install' or update your CocoaPods installation.\" >&2\n    exit 1\nfi\n# This output is used by Xcode 'outputs' to avoid re-running this script phase.\necho \"SUCCESS\" > \"${SCRIPT_OUTPUT_FILE_0}\"\n";
			showEnvVarsInLog = 0;
		};
/* End PBXShellScriptBuildPhase section */

/* Begin PBXSourcesBuildPhase section */
		4CA65088235427630038E8C3 /* Sources */ = {
			isa = PBXSourcesBuildPhase;
			buildActionMask = 2147483647;
			files = (
				4CA65090235427630038E8C3 /* AppDelegate.swift in Sources */,
				4CCBB94C2355A108006765DE /* DaliyStore.swift in Sources */,
				4CA650B023545C6D0038E8C3 /* WebImageVIew.swift in Sources */,
				4CA65092235427630038E8C3 /* SceneDelegate.swift in Sources */,
				4CA650A823544BAF0038E8C3 /* NewsListView.swift in Sources */,
				4CA650AC23544C760038E8C3 /* NewsListRow.swift in Sources */,
				4CA650A42354415E0038E8C3 /* News.swift in Sources */,
				4CA650AA23544C5C0038E8C3 /* NewsDetailView.swift in Sources */,
				4CA65094235427630038E8C3 /* ContentView.swift in Sources */,
			);
			runOnlyForDeploymentPostprocessing = 0;
		};
/* End PBXSourcesBuildPhase section */

/* Begin PBXVariantGroup section */
		4CA6509A235427660038E8C3 /* LaunchScreen.storyboard */ = {
			isa = PBXVariantGroup;
			children = (
				4CA6509B235427660038E8C3 /* Base */,
			);
			name = LaunchScreen.storyboard;
			sourceTree = "<group>";
		};
/* End PBXVariantGroup section */

/* Begin XCBuildConfiguration section */
		4CA6509E235427660038E8C3 /* Debug */ = {
			isa = XCBuildConfiguration;
			buildSettings = {
				ALWAYS_SEARCH_USER_PATHS = NO;
				CLANG_ANALYZER_NONNULL = YES;
				CLANG_ANALYZER_NUMBER_OBJECT_CONVERSION = YES_AGGRESSIVE;
				CLANG_CXX_LANGUAGE_STANDARD = "gnu++14";
				CLANG_CXX_LIBRARY = "libc++";
				CLANG_ENABLE_MODULES = YES;
				CLANG_ENABLE_OBJC_ARC = YES;
				CLANG_ENABLE_OBJC_WEAK = YES;
				CLANG_WARN_BLOCK_CAPTURE_AUTORELEASING = YES;
				CLANG_WARN_BOOL_CONVERSION = YES;
				CLANG_WARN_COMMA = YES;
				CLANG_WARN_CONSTANT_CONVERSION = YES;
				CLANG_WARN_DEPRECATED_OBJC_IMPLEMENTATIONS = YES;
				CLANG_WARN_DIRECT_OBJC_ISA_USAGE = YES_ERROR;
				CLANG_WARN_DOCUMENTATION_COMMENTS = YES;
				CLANG_WARN_EMPTY_BODY = YES;
				CLANG_WARN_ENUM_CONVERSION = YES;
				CLANG_WARN_INFINITE_RECURSION = YES;
				CLANG_WARN_INT_CONVERSION = YES;
				CLANG_WARN_NON_LITERAL_NULL_CONVERSION = YES;
				CLANG_WARN_OBJC_IMPLICIT_RETAIN_SELF = YES;
				CLANG_WARN_OBJC_LITERAL_CONVERSION = YES;
				CLANG_WARN_OBJC_ROOT_CLASS = YES_ERROR;
				CLANG_WARN_RANGE_LOOP_ANALYSIS = YES;
				CLANG_WARN_STRICT_PROTOTYPES = YES;
				CLANG_WARN_SUSPICIOUS_MOVE = YES;
				CLANG_WARN_UNGUARDED_AVAILABILITY = YES_AGGRESSIVE;
				CLANG_WARN_UNREACHABLE_CODE = YES;
				CLANG_WARN__DUPLICATE_METHOD_MATCH = YES;
				COPY_PHASE_STRIP = NO;
				DEBUG_INFORMATION_FORMAT = dwarf;
				ENABLE_STRICT_OBJC_MSGSEND = YES;
				ENABLE_TESTABILITY = YES;
				GCC_C_LANGUAGE_STANDARD = gnu11;
				GCC_DYNAMIC_NO_PIC = NO;
				GCC_NO_COMMON_BLOCKS = YES;
				GCC_OPTIMIZATION_LEVEL = 0;
				GCC_PREPROCESSOR_DEFINITIONS = (
					"DEBUG=1",
					"$(inherited)",
				);
				GCC_WARN_64_TO_32_BIT_CONVERSION = YES;
				GCC_WARN_ABOUT_RETURN_TYPE = YES_ERROR;
				GCC_WARN_UNDECLARED_SELECTOR = YES;
				GCC_WARN_UNINITIALIZED_AUTOS = YES_AGGRESSIVE;
				GCC_WARN_UNUSED_FUNCTION = YES;
				GCC_WARN_UNUSED_VARIABLE = YES;
				IPHONEOS_DEPLOYMENT_TARGET = 13.0;
				MTL_ENABLE_DEBUG_INFO = INCLUDE_SOURCE;
				MTL_FAST_MATH = YES;
				ONLY_ACTIVE_ARCH = YES;
				SDKROOT = iphoneos;
				SWIFT_ACTIVE_COMPILATION_CONDITIONS = DEBUG;
				SWIFT_OPTIMIZATION_LEVEL = "-Onone";
			};
			name = Debug;
		};
		4CA6509F235427660038E8C3 /* Release */ = {
			isa = XCBuildConfiguration;
			buildSettings = {
				ALWAYS_SEARCH_USER_PATHS = NO;
				CLANG_ANALYZER_NONNULL = YES;
				CLANG_ANALYZER_NUMBER_OBJECT_CONVERSION = YES_AGGRESSIVE;
				CLANG_CXX_LANGUAGE_STANDARD = "gnu++14";
				CLANG_CXX_LIBRARY = "libc++";
				CLANG_ENABLE_MODULES = YES;
				CLANG_ENABLE_OBJC_ARC = YES;
				CLANG_ENABLE_OBJC_WEAK = YES;
				CLANG_WARN_BLOCK_CAPTURE_AUTORELEASING = YES;
				CLANG_WARN_BOOL_CONVERSION = YES;
				CLANG_WARN_COMMA = YES;
				CLANG_WARN_CONSTANT_CONVERSION = YES;
				CLANG_WARN_DEPRECATED_OBJC_IMPLEMENTATIONS = YES;
				CLANG_WARN_DIRECT_OBJC_ISA_USAGE = YES_ERROR;
				CLANG_WARN_DOCUMENTATION_COMMENTS = YES;
				CLANG_WARN_EMPTY_BODY = YES;
				CLANG_WARN_ENUM_CONVERSION = YES;
				CLANG_WARN_INFINITE_RECURSION = YES;
				CLANG_WARN_INT_CONVERSION = YES;
				CLANG_WARN_NON_LITERAL_NULL_CONVERSION = YES;
				CLANG_WARN_OBJC_IMPLICIT_RETAIN_SELF = YES;
				CLANG_WARN_OBJC_LITERAL_CONVERSION = YES;
				CLANG_WARN_OBJC_ROOT_CLASS = YES_ERROR;
				CLANG_WARN_RANGE_LOOP_ANALYSIS = YES;
				CLANG_WARN_STRICT_PROTOTYPES = YES;
				CLANG_WARN_SUSPICIOUS_MOVE = YES;
				CLANG_WARN_UNGUARDED_AVAILABILITY = YES_AGGRESSIVE;
				CLANG_WARN_UNREACHABLE_CODE = YES;
				CLANG_WARN__DUPLICATE_METHOD_MATCH = YES;
				COPY_PHASE_STRIP = NO;
				DEBUG_INFORMATION_FORMAT = "dwarf-with-dsym";
				ENABLE_NS_ASSERTIONS = NO;
				ENABLE_STRICT_OBJC_MSGSEND = YES;
				GCC_C_LANGUAGE_STANDARD = gnu11;
				GCC_NO_COMMON_BLOCKS = YES;
				GCC_WARN_64_TO_32_BIT_CONVERSION = YES;
				GCC_WARN_ABOUT_RETURN_TYPE = YES_ERROR;
				GCC_WARN_UNDECLARED_SELECTOR = YES;
				GCC_WARN_UNINITIALIZED_AUTOS = YES_AGGRESSIVE;
				GCC_WARN_UNUSED_FUNCTION = YES;
				GCC_WARN_UNUSED_VARIABLE = YES;
				IPHONEOS_DEPLOYMENT_TARGET = 13.0;
				MTL_ENABLE_DEBUG_INFO = NO;
				MTL_FAST_MATH = YES;
				SDKROOT = iphoneos;
				SWIFT_COMPILATION_MODE = wholemodule;
				SWIFT_OPTIMIZATION_LEVEL = "-O";
				VALIDATE_PRODUCT = YES;
			};
			name = Release;
		};
		4CA650A1235427660038E8C3 /* Debug */ = {
			isa = XCBuildConfiguration;
			baseConfigurationReference = 2984F7E2C5841F8F054AC006 /* Pods-Daily.debug.xcconfig */;
			buildSettings = {
				ASSETCATALOG_COMPILER_APPICON_NAME = AppIcon;
				CODE_SIGN_STYLE = Automatic;
				DEVELOPMENT_ASSET_PATHS = "\"Daily/Preview Content\"";
				DEVELOPMENT_TEAM = 3QQR699W45;
				ENABLE_PREVIEWS = YES;
				INFOPLIST_FILE = Daily/Info.plist;
				LD_RUNPATH_SEARCH_PATHS = (
					"$(inherited)",
					"@executable_path/Frameworks",
				);
				PRODUCT_BUNDLE_IDENTIFIER = com.ifanr.Daily;
				PRODUCT_NAME = "$(TARGET_NAME)";
				SWIFT_VERSION = 5.0;
				TARGETED_DEVICE_FAMILY = "1,2";
			};
			name = Debug;
		};
		4CA650A2235427660038E8C3 /* Release */ = {
			isa = XCBuildConfiguration;
			baseConfigurationReference = 0837C9ADAA469D7D430E26A7 /* Pods-Daily.release.xcconfig */;
			buildSettings = {
				ASSETCATALOG_COMPILER_APPICON_NAME = AppIcon;
				CODE_SIGN_STYLE = Automatic;
				DEVELOPMENT_ASSET_PATHS = "\"Daily/Preview Content\"";
				DEVELOPMENT_TEAM = 3QQR699W45;
				ENABLE_PREVIEWS = YES;
				INFOPLIST_FILE = Daily/Info.plist;
				LD_RUNPATH_SEARCH_PATHS = (
					"$(inherited)",
					"@executable_path/Frameworks",
				);
				PRODUCT_BUNDLE_IDENTIFIER = com.ifanr.Daily;
				PRODUCT_NAME = "$(TARGET_NAME)";
				SWIFT_VERSION = 5.0;
				TARGETED_DEVICE_FAMILY = "1,2";
			};
			name = Release;
		};
/* End XCBuildConfiguration section */

/* Begin XCConfigurationList section */
		4CA65087235427630038E8C3 /* Build configuration list for PBXProject "Daily" */ = {
			isa = XCConfigurationList;
			buildConfigurations = (
				4CA6509E235427660038E8C3 /* Debug */,
				4CA6509F235427660038E8C3 /* Release */,
			);
			defaultConfigurationIsVisible = 0;
			defaultConfigurationName = Release;
		};
		4CA650A0235427660038E8C3 /* Build configuration list for PBXNativeTarget "Daily" */ = {
			isa = XCConfigurationList;
			buildConfigurations = (
				4CA650A1235427660038E8C3 /* Debug */,
				4CA650A2235427660038E8C3 /* Release */,
			);
			defaultConfigurationIsVisible = 0;
			defaultConfigurationName = Release;
		};
/* End XCConfigurationList section */
	};
	rootObject = 4CA65084235427630038E8C3 /* Project object */;
}
